
Microsoft Visual Studio Solution File, Format Version 12.00
# Visual Studio Version 16
VisualStudioVersion = 16.0.30907.101
MinimumVisualStudioVersion = 10.0.40219.1
Project("{9A19103F-16F7-4668-BE54-9A1E7A4F7556}") = "OrderDiscountApi", "OrderDiscountApi\OrderDiscountApi.csproj", "{0DB3C4BF-A9E3-4547-9E59-B818E3756F78}"
EndProject
Project("{9A19103F-16F7-4668-BE54-9A1E7A4F7556}") = "OrderDiscountModels", "OrderDiscountModels\OrderDiscountModels.csproj", "{EECC3D91-0E95-4104-9C3D-C35F8381B7BE}"
EndProject
Project("{9A19103F-16F7-4668-BE54-9A1E7A4F7556}") = "OrderDiscountRepository", "OrderDiscountRepository\OrderDiscountRepository.csproj", "{AF6CE3D3-BA4F-4449-9E85-80213E9DE1E1}"
EndProject
Project("{9A19103F-16F7-4668-BE54-9A1E7A4F7556}") = "OrderDiscountService", "OrderDiscountService\OrderDiscountService.csproj", "{53962C35-AB52-4929-8445-695E9EA959EB}"
EndProject
Project("{9A19103F-16F7-4668-BE54-9A1E7A4F7556}") = "OrderDiscountException", "OrderDiscountException\OrderDiscountException.csproj", "{F6EC4FD7-122E-499F-8BC6-0CAFB2919EF3}"
EndProject
Project("{9A19103F-16F7-4668-BE54-9A1E7A4F7556}") = "OrderDiscountInterfaces", "OrderDiscountInterfaces\OrderDiscountInterfaces.csproj", "{585F3AF4-AE38-4930-A507-68F2B8AA577C}"
EndProject
Project("{9A19103F-16F7-4668-BE54-9A1E7A4F7556}") = "OrderDiscountApiTest", "OrderDiscountApiTest\OrderDiscountApiTest.csproj", "{3F19B8E8-4E33-4561-966F-41BBC505C64E}"
EndProject
Global
	GlobalSection(SolutionConfigurationPlatforms) = preSolution
		Debug|Any CPU = Debug|Any CPU
		Release|Any CPU = Release|Any CPU
	EndGlobalSection
	GlobalSection(ProjectConfigurationPlatforms) = postSolution
		{0DB3C4BF-A9E3-4547-9E59-B818E3756F78}.Debug|Any CPU.ActiveCfg = Debug|Any CPU
		{0DB3C4BF-A9E3-4547-9E59-B818E3756F78}.Debug|Any CPU.Build.0 = Debug|Any CPU
		{0DB3C4BF-A9E3-4547-9E59-B818E3756F78}.Release|Any CPU.ActiveCfg = Release|Any CPU
		{0DB3C4BF-A9E3-4547-9E59-B818E3756F78}.Release|Any CPU.Build.0 = Release|Any CPU
		{EECC3D91-0E95-4104-9C3D-C35F8381B7BE}.Debug|Any CPU.ActiveCfg = Debug|Any CPU
		{EECC3D91-0E95-4104-9C3D-C35F8381B7BE}.Debug|Any CPU.Build.0 = Debug|Any CPU
		{EECC3D91-0E95-4104-9C3D-C35F8381B7BE}.Release|Any CPU.ActiveCfg = Release|Any CPU
		{EECC3D91-0E95-4104-9C3D-C35F8381B7BE}.Release|Any CPU.Build.0 = Release|Any CPU
		{AF6CE3D3-BA4F-4449-9E85-80213E9DE1E1}.Debug|Any CPU.ActiveCfg = Debug|Any CPU
		{AF6CE3D3-BA4F-4449-9E85-80213E9DE1E1}.Debug|Any CPU.Build.0 = Debug|Any CPU
		{AF6CE3D3-BA4F-4449-9E85-80213E9DE1E1}.Release|Any CPU.ActiveCfg = Release|Any CPU
		{AF6CE3D3-BA4F-4449-9E85-80213E9DE1E1}.Release|Any CPU.Build.0 = Release|Any CPU
		{53962C35-AB52-4929-8445-695E9EA959EB}.Debug|Any CPU.ActiveCfg = Debug|Any CPU
		{53962C35-AB52-4929-8445-695E9EA959EB}.Debug|Any CPU.Build.0 = Debug|Any CPU
		{53962C35-AB52-4929-8445-695E9EA959EB}.Release|Any CPU.ActiveCfg = Release|Any CPU
		{53962C35-AB52-4929-8445-695E9EA959EB}.Release|Any CPU.Build.0 = Release|Any CPU
		{F6EC4FD7-122E-499F-8BC6-0CAFB2919EF3}.Debug|Any CPU.ActiveCfg = Debug|Any CPU
		{F6EC4FD7-122E-499F-8BC6-0CAFB2919EF3}.Debug|Any CPU.Build.0 = Debug|Any CPU
		{F6EC4FD7-122E-499F-8BC6-0CAFB2919EF3}.Release|Any CPU.ActiveCfg = Release|Any CPU
		{F6EC4FD7-122E-499F-8BC6-0CAFB2919EF3}.Release|Any CPU.Build.0 = Release|Any CPU
		{585F3AF4-AE38-4930-A507-68F2B8AA577C}.Debug|Any CPU.ActiveCfg = Debug|Any CPU
		{585F3AF4-AE38-4930-A507-68F2B8AA577C}.Debug|Any CPU.Build.0 = Debug|Any CPU
		{585F3AF4-AE38-4930-A507-68F2B8AA577C}.Release|Any CPU.ActiveCfg = Release|Any CPU
		{585F3AF4-AE38-4930-A507-68F2B8AA577C}.Release|Any CPU.Build.0 = Release|Any CPU
		{3F19B8E8-4E33-4561-966F-41BBC505C64E}.Debug|Any CPU.ActiveCfg = Debug|Any CPU
		{3F19B8E8-4E33-4561-966F-41BBC505C64E}.Debug|Any CPU.Build.0 = Debug|Any CPU
		{3F19B8E8-4E33-4561-966F-41BBC505C64E}.Release|Any CPU.ActiveCfg = Release|Any CPU
		{3F19B8E8-4E33-4561-966F-41BBC505C64E}.Release|Any CPU.Build.0 = Release|Any CPU
	EndGlobalSection
	GlobalSection(SolutionProperties) = preSolution
		HideSolutionNode = FALSE
	EndGlobalSection
	GlobalSection(ExtensibilityGlobals) = postSolution
		SolutionGuid = {D35EE242-9E8B-4142-B1A5-4E6D0902F6AF}
	EndGlobalSection
EndGlobal
